
Microsoft Visual Studio Solution File, Format Version 12.00
Project("{FAE04EC0-301F-11D3-BF4B-00C04F79EFBC}") = "IEnumerableExtensions", "IEnumerableExtensions\IEnumerableExtensions.csproj", "{2256523B-CB77-413B-AB8A-04AFC3D02CE2}"
EndProject
Project("{FAE04EC0-301F-11D3-BF4B-00C04F79EFBC}") = "IEnumerableExtensionsTests", "IEnumerableExtensionsTests\IEnumerableExtensionsTests.csproj", "{BC881D75-FBAE-4070-AEF0-5226587DE53B}"
EndProject
Global
	GlobalSection(SolutionConfigurationPlatforms) = preSolution
		Debug|Any CPU = Debug|Any CPU
		Release|Any CPU = Release|Any CPU
	EndGlobalSection
	GlobalSection(ProjectConfigurationPlatforms) = postSolution
		{2256523B-CB77-413B-AB8A-04AFC3D02CE2}.Debug|Any CPU.ActiveCfg = Debug|Any CPU
		{2256523B-CB77-413B-AB8A-04AFC3D02CE2}.Debug|Any CPU.Build.0 = Debug|Any CPU
		{2256523B-CB77-413B-AB8A-04AFC3D02CE2}.Release|Any CPU.ActiveCfg = Release|Any CPU
		{2256523B-CB77-413B-AB8A-04AFC3D02CE2}.Release|Any CPU.Build.0 = Release|Any CPU
		{BC881D75-FBAE-4070-AEF0-5226587DE53B}.Debug|Any CPU.ActiveCfg = Debug|Any CPU
		{BC881D75-FBAE-4070-AEF0-5226587DE53B}.Debug|Any CPU.Build.0 = Debug|Any CPU
		{BC881D75-FBAE-4070-AEF0-5226587DE53B}.Release|Any CPU.ActiveCfg = Release|Any CPU
		{BC881D75-FBAE-4070-AEF0-5226587DE53B}.Release|Any CPU.Build.0 = Release|Any CPU
	EndGlobalSection
EndGlobal
